{
  "name": "plannotaor",
  "version": "0.0.0",
  "lockfileVersion": 3,
  "requires": true,
  "packages": {
    "": {
      "name": "plannotaor",
      "version": "0.0.0",
      "license": "ISC",
      "dependencies": {
        "@embedpdf/snippet": "^2.2.0"
      }
    },
    "node_modules/@babel/helper-string-parser": {
      "version": "7.27.1",
      "resolved": "https://registry.npmjs.org/@babel/helper-string-parser/-/helper-string-parser-7.27.1.tgz",
      "integrity": "sha512-qMlSxKbpRlAridDExk92nSobyDdpPijUq2DW6oDnUqd0iOGxmQjyqhMIihI9+zv4LPyZdRje2cavWPbCbWm3eA==",
      "peer": true,
      "engines": {
        "node": ">=6.9.0"
      }
    },
    "node_modules/@babel/helper-validator-identifier": {
      "version": "7.28.5",
      "resolved": "https://registry.npmjs.org/@babel/helper-validator-identifier/-/helper-validator-identifier-7.28.5.tgz",
      "integrity": "sha512-qSs4ifwzKJSV39ucNjsvc6WVHs6b7S03sOh2OcHF9UHfVPqWWALUsNUVzhSBiItjRZoLHx7nIarVjqKVusUZ1Q==",
      "peer": true,
      "engines": {
        "node": ">=6.9.0"
      }
    },
    "node_modules/@babel/parser": {
      "version": "7.28.6",
      "resolved": "https://registry.npmjs.org/@babel/parser/-/parser-7.28.6.tgz",
      "integrity": "sha512-TeR9zWR18BvbfPmGbLampPMW+uW1NZnJlRuuHso8i87QZNq2JRF9i6RgxRqtEq+wQGsS19NNTWr2duhnE49mfQ==",
      "peer": true,
      "dependencies": {
        "@babel/types": "^7.28.6"
      },
      "bin": {
        "parser": "bin/babel-parser.js"
      },
      "engines": {
        "node": ">=6.0.0"
      }
    },
    "node_modules/@babel/types": {
      "version": "7.28.6",
      "resolved": "https://registry.npmjs.org/@babel/types/-/types-7.28.6.tgz",
      "integrity": "sha512-0ZrskXVEHSWIqZM/sQZ4EV3jZJXRkio/WCxaqKZP1g//CEWEPSfeZFcms4XeKBCHU0ZKnIkdJeU/kF+eRp5lBg==",
      "peer": true,
      "dependencies": {
        "@babel/helper-string-parser": "^7.27.1",
        "@babel/helper-validator-identifier": "^7.28.5"
      },
      "engines": {
        "node": ">=6.9.0"
      }
    },
    "node_modules/@embedpdf/core": {
      "version": "2.2.0",
      "resolved": "https://registry.npmjs.org/@embedpdf/core/-/core-2.2.0.tgz",
      "integrity": "sha512-KkOgiqByKuqfv05PydetcORn7mT4OR7qN65KhFc5BO0hepfnwm2rwLnGF6hnD5GWaig+f9Z5zLYMVXXbN2jDhg==",
      "dependencies": {
        "@embedpdf/engines": "2.2.0",
        "@embedpdf/models": "2.2.0"
      },
      "peerDependencies": {
        "preact": "^10.26.4",
        "react": ">=16.8.0",
        "react-dom": ">=16.8.0",
        "svelte": ">=5 <6",
        "vue": ">=3.2.0"
      }
    },
    "node_modules/@embedpdf/engines": {
      "version": "2.2.0",
      "resolved": "https://registry.npmjs.org/@embedpdf/engines/-/engines-2.2.0.tgz",
      "integrity": "sha512-Bf84TB06SmjJWR6/NlbL1Mg80+jOLwH89g6rm0uBqJV161Fkj7i3vkrJI5zRDVW2qzmg2QsFqJ48/n8x5/ZoBg==",
      "dependencies": {
        "@embedpdf/fonts-arabic": "1.0.0",
        "@embedpdf/fonts-hebrew": "1.0.0",
        "@embedpdf/fonts-jp": "1.0.0",
        "@embedpdf/fonts-kr": "1.0.0",
        "@embedpdf/fonts-latin": "1.0.0",
        "@embedpdf/fonts-sc": "1.0.0",
        "@embedpdf/fonts-tc": "1.0.0",
        "@embedpdf/models": "2.2.0",
        "@embedpdf/pdfium": "2.2.0"
      },
      "peerDependencies": {
        "preact": "^10.26.4",
        "react": ">=16.8.0",
        "react-dom": ">=16.8.0",
        "svelte": ">=5 <6",
        "vue": ">=3.2.0"
      }
    },
    "node_modules/@embedpdf/fonts-arabic": {
      "version": "1.0.0",
      "resolved": "https://registry.npmjs.org/@embedpdf/fonts-arabic/-/fonts-arabic-1.0.0.tgz",
      "integrity": "sha512-SnGvQb+LwPZQO2WjjvlmXrJZolJUfLYbLZQSaYUw1vrQyMyJKT4LewvJGG+hZ+Yz2fz7OMIQ+4Gc98mGODZtOg=="
    },
    "node_modules/@embedpdf/fonts-hebrew": {
      "version": "1.0.0",
      "resolved": "https://registry.npmjs.org/@embedpdf/fonts-hebrew/-/fonts-hebrew-1.0.0.tgz",
      "integrity": "sha512-5HVAKGL7VqPeTxxADDrSqAFBxfmAXdP8fIqrPwJIKkqdK2643bOer8CqnnpO3/nPoFhkzxhttWMB9BGiqSW62w=="
    },
    "node_modules/@embedpdf/fonts-jp": {
      "version": "1.0.0",
      "resolved": "https://registry.npmjs.org/@embedpdf/fonts-jp/-/fonts-jp-1.0.0.tgz",
      "integrity": "sha512-BY2tv/mcICUUKf+M/bizf3RU65PMqKClJ/e5o9mgMibxyML0OQvEDwYMRPODQkKgJKXCO3ScHmVvcmXp6kt+fA=="
    },
    "node_modules/@embedpdf/fonts-kr": {
      "version": "1.0.0",
      "resolved": "https://registry.npmjs.org/@embedpdf/fonts-kr/-/fonts-kr-1.0.0.tgz",
      "integrity": "sha512-bh88HXSvOBS581kgmihWY7Ijp9hBsvlmXogFG5LSNx9UBAobRcakZiFMGieRBc06hUSkpo7WhjaFM/z/SfQ8dQ=="
    },
    "node_modules/@embedpdf/fonts-latin": {
      "version": "1.0.0",
      "resolved": "https://registry.npmjs.org/@embedpdf/fonts-latin/-/fonts-latin-1.0.0.tgz",
      "integrity": "sha512-LLYysdr8O6sRNzhmW3PbF3AeA8xnqvOi4XLFfIfNlW5uEZ+qsJdcfd78Q78sFJMhlaOAYFMziMMsnOzmx463rA=="
    },
    "node_modules/@embedpdf/fonts-sc": {
      "version": "1.0.0",
      "resolved": "https://registry.npmjs.org/@embedpdf/fonts-sc/-/fonts-sc-1.0.0.tgz",
      "integrity": "sha512-ETXl7XCwaQLSSvMO3EUDwMNqtL64kX2LlFxarTRi/NsIGGOIxUurGfKtrkmtnKHrWy1jAJSt6oxK2uJhvdvQIw=="
    },
    "node_modules/@embedpdf/fonts-tc": {
      "version": "1.0.0",
      "resolved": "https://registry.npmjs.org/@embedpdf/fonts-tc/-/fonts-tc-1.0.0.tgz",
      "integrity": "sha512-rGZJbVD6DYS5BbXdpEMnWkpVF0Knar+bsiyb2o3+YRx7O8eyFubEBQUSUInirQk69HA6fc3GhYCg7TyC/oD76Q=="
    },
    "node_modules/@embedpdf/models": {
      "version": "2.2.0",
      "resolved": "https://registry.npmjs.org/@embedpdf/models/-/models-2.2.0.tgz",
      "integrity": "sha512-T34ctvNA45sEWI5EognoEvJKWY87FwO92+VpRgTOZ1wzhkl0Nb65VTKusrR0akxs/8SL6agnFLE/2B6y+H9x8w=="
    },
    "node_modules/@embedpdf/pdfium": {
      "version": "2.2.0",
      "resolved": "https://registry.npmjs.org/@embedpdf/pdfium/-/pdfium-2.2.0.tgz",
      "integrity": "sha512-QirwW80AdlhHHu3KCXE0guKdUJBadpo+1hPIiw7IebIMHQtU/1kokZRsIBcw29l9ChhSfY/rwlfp6aU0Y2B1mg=="
    },
    "node_modules/@embedpdf/plugin-annotation": {
      "version": "2.2.0",
      "resolved": "https://registry.npmjs.org/@embedpdf/plugin-annotation/-/plugin-annotation-2.2.0.tgz",
      "integrity": "sha512-OR/fnU09xkVzQ+Ho8G0HzC6e39ZpLkLsK4HZj5mdNH71q3TCzdO47ZG9WQV0bxhbp5tSQMNjrdYr6yMBBLbf6A==",
      "dependencies": {
        "@embedpdf/models": "2.2.0",
        "@embedpdf/utils": "2.2.0"
      },
      "peerDependencies": {
        "@embedpdf/core": "2.2.0",
        "@embedpdf/plugin-history": "2.2.0",
        "@embedpdf/plugin-interaction-manager": "2.2.0",
        "@embedpdf/plugin-selection": "2.2.0",
        "preact": "^10.26.4",
        "react": ">=16.8.0",
        "react-dom": ">=16.8.0",
        "svelte": ">=5 <6",
        "vue": ">=3.2.0"
      }
    },
    "node_modules/@embedpdf/plugin-attachment": {
      "version": "2.2.0",
      "resolved": "https://registry.npmjs.org/@embedpdf/plugin-attachment/-/plugin-attachment-2.2.0.tgz",
      "integrity": "sha512-qRLYZ5EU9gADKwx0Of909dsS57JmRMd7CuBhz8cLlWqeaCz+BxrhTdu8Y/oJsYw4KfHExvqSDPVEbIpkSPEUMQ==",
      "dependencies": {
        "@embedpdf/models": "2.2.0"
      },
      "peerDependencies": {
        "@embedpdf/core": "2.2.0",
        "preact": "^10.26.4",
        "react": ">=16.8.0",
        "react-dom": ">=16.8.0",
        "svelte": ">=5 <6",
        "vue": ">=3.2.0"
      }
    },
    "node_modules/@embedpdf/plugin-bookmark": {
      "version": "2.2.0",
      "resolved": "https://registry.npmjs.org/@embedpdf/plugin-bookmark/-/plugin-bookmark-2.2.0.tgz",
      "integrity": "sha512-K1r7IOQcFntUrLqLtMWbQIxHYi/+IbR3Qe3/wnVdn4bz2VDC9sS75rjE6GLMgzNz6PKNKWM3Q+82NhCEiPUk4w==",
      "dependencies": {
        "@embedpdf/models": "2.2.0"
      },
      "peerDependencies": {
        "@embedpdf/core": "2.2.0",
        "preact": "^10.26.4",
        "react": ">=16.8.0",
        "react-dom": ">=16.8.0",
        "svelte": ">=5 <6",
        "vue": ">=3.2.0"
      }
    },
    "node_modules/@embedpdf/plugin-capture": {
      "version": "2.2.0",
      "resolved": "https://registry.npmjs.org/@embedpdf/plugin-capture/-/plugin-capture-2.2.0.tgz",
      "integrity": "sha512-bmU4T2VEsvoFg16NJ6SQQyb3U896KcbLHXHOpsCJVWDmgw/JzlZ/eRQeAORc9SSY0oJfXedfScl6uG/OxpS4FA==",
      "dependencies": {
        "@embedpdf/models": "2.2.0"
      },
      "peerDependencies": {
        "@embedpdf/core": "2.2.0",
        "@embedpdf/plugin-interaction-manager": "2.2.0",
        "@embedpdf/plugin-render": "2.2.0",
        "preact": "^10.26.4",
        "react": ">=16.8.0",
        "react-dom": ">=16.8.0",
        "svelte": ">=5 <6",
        "vue": ">=3.2.0"
      }
    },
    "node_modules/@embedpdf/plugin-commands": {
      "version": "2.2.0",
      "resolved": "https://registry.npmjs.org/@embedpdf/plugin-commands/-/plugin-commands-2.2.0.tgz",
      "integrity": "sha512-pYuj5pEDwU0iL8ggRnmUgCJtTrZYmgSwRU13FTFBhNxwa3BR88OkprAk0EUAdxjT9yl8NSpU0NZHxzzKkEchJQ==",
      "dependencies": {
        "@embedpdf/models": "2.2.0"
      },
      "peerDependencies": {
        "@embedpdf/core": "2.2.0",
        "preact": "^10.26.4",
        "react": ">=16.8.0",
        "react-dom": ">=16.8.0",
        "svelte": ">=5 <6",
        "vue": ">=3.2.0"
      }
    },
    "node_modules/@embedpdf/plugin-document-manager": {
      "version": "2.2.0",
      "resolved": "https://registry.npmjs.org/@embedpdf/plugin-document-manager/-/plugin-document-manager-2.2.0.tgz",
      "integrity": "sha512-Mw/AFpliOdU51nlTxMkQQhxg3Lq7OVObm5CWnpzeVQ0+kcZsSEXkQu73Pe9+Hb+9MmUBs5z6MnTrQoqdtlF21g==",
      "dependencies": {
        "@embedpdf/models": "2.2.0"
      },
      "peerDependencies": {
        "@embedpdf/core": "2.2.0",
        "preact": "^10.26.4",
        "react": ">=16.8.0",
        "react-dom": ">=16.8.0",
        "svelte": ">=5 <6",
        "vue": ">=3.2.0"
      }
    },
    "node_modules/@embedpdf/plugin-export": {
      "version": "2.2.0",
      "resolved": "https://registry.npmjs.org/@embedpdf/plugin-export/-/plugin-export-2.2.0.tgz",
      "integrity": "sha512-Iom3LLFV3WtcnKwXfnvCwpxpJyGAKARAF4DtcMwOtzfpAcue4id1zYXGXeO/EKgXgQnNF7xrqsSD+X77f1AUoA==",
      "dependencies": {
        "@embedpdf/models": "2.2.0"
      },
      "peerDependencies": {
        "@embedpdf/core": "2.2.0",
        "preact": "^10.26.4",
        "react": ">=16.8.0",
        "react-dom": ">=16.8.0",
        "svelte": ">=5 <6",
        "vue": ">=3.2.0"
      }
    },
    "node_modules/@embedpdf/plugin-fullscreen": {
      "version": "2.2.0",
      "resolved": "https://registry.npmjs.org/@embedpdf/plugin-fullscreen/-/plugin-fullscreen-2.2.0.tgz",
      "integrity": "sha512-ddCgelsFUQRGv73XURT3s7jFiaF7NuGFIeXh92PqKYwlNZzPhY8xLVq/ECPl+JDQv8+PD6pWxS8/f1Hv2BU8bw==",
      "dependencies": {
        "@embedpdf/models": "2.2.0"
      },
      "peerDependencies": {
        "@embedpdf/core": "2.2.0",
        "preact": "^10.26.4",
        "react": ">=16.8.0",
        "react-dom": ">=16.8.0",
        "svelte": ">=5 <6",
        "vue": ">=3.2.0"
      }
    },
    "node_modules/@embedpdf/plugin-history": {
      "version": "2.2.0",
      "resolved": "https://registry.npmjs.org/@embedpdf/plugin-history/-/plugin-history-2.2.0.tgz",
      "integrity": "sha512-1HYMTBlQB5dHQ7xiERS/x+eEYoj5O9zyBn45hgToXTJ5/CQzOo3H9RfAOTB5r5URwPPFqhG93cD2oW3+e1BTzw==",
      "dependencies": {
        "@embedpdf/models": "2.2.0"
      },
      "peerDependencies": {
        "@embedpdf/core": "2.2.0",
        "preact": "^10.26.4",
        "react": ">=16.8.0",
        "react-dom": ">=16.8.0",
        "svelte": ">=5 <6",
        "vue": ">=3.2.0"
      }
    },
    "node_modules/@embedpdf/plugin-i18n": {
      "version": "2.2.0",
      "resolved": "https://registry.npmjs.org/@embedpdf/plugin-i18n/-/plugin-i18n-2.2.0.tgz",
      "integrity": "sha512-H9Hbrr+ML5noiOW1H7+TNdjM764HBgV0X0+hd1kirZhr7U1m+4HNbl0ekyRHRlueOnH3CndT0tYwsVKr7PNPLg==",
      "dependencies": {
        "@embedpdf/models": "2.2.0"
      },
      "peerDependencies": {
        "@embedpdf/core": "2.2.0",
        "preact": "^10.26.4",
        "react": ">=16.8.0",
        "react-dom": ">=16.8.0",
        "svelte": ">=5 <6",
        "vue": ">=3.2.0"
      }
    },
    "node_modules/@embedpdf/plugin-interaction-manager": {
      "version": "2.2.0",
      "resolved": "https://registry.npmjs.org/@embedpdf/plugin-interaction-manager/-/plugin-interaction-manager-2.2.0.tgz",
      "integrity": "sha512-uttHuxPDARpHLMXYGTjYqsrBxoGOKkTQOe5yyHja3AUgwaK4g3AFY0IsIvPqHchmIaGJlucld6N3cMCobCwFow==",
      "dependencies": {
        "@embedpdf/models": "2.2.0"
      },
      "peerDependencies": {
        "@embedpdf/core": "2.2.0",
        "preact": "^10.26.4",
        "react": ">=16.8.0",
        "react-dom": ">=16.8.0",
        "svelte": ">=5 <6",
        "vue": ">=3.2.0"
      }
    },
    "node_modules/@embedpdf/plugin-pan": {
      "version": "2.2.0",
      "resolved": "https://registry.npmjs.org/@embedpdf/plugin-pan/-/plugin-pan-2.2.0.tgz",
      "integrity": "sha512-pMzQNMTMpoeoazhyckEyaciwRreckxg7mhG/Act7LzVeHeEY3r3niT9Vmao2imZrm8vv06v6pfOeIoUHnTTZSg==",
      "dependencies": {
        "@embedpdf/models": "2.2.0"
      },
      "peerDependencies": {
        "@embedpdf/core": "2.2.0",
        "@embedpdf/plugin-interaction-manager": "2.2.0",
        "@embedpdf/plugin-viewport": "2.2.0",
        "preact": "^10.26.4",
        "react": ">=16.8.0",
        "react-dom": ">=16.8.0",
        "svelte": ">=5 <6",
        "vue": ">=3.2.0"
      }
    },
    "node_modules/@embedpdf/plugin-print": {
      "version": "2.2.0",
      "resolved": "https://registry.npmjs.org/@embedpdf/plugin-print/-/plugin-print-2.2.0.tgz",
      "integrity": "sha512-4NrSrHFJ4xAlHEcly/oAJYVHEypfc+TY+Ik85jfGjxT5uyw3gaJhOHznc/UPZaJFImrh7pqOfY60QjhuaF0lbg==",
      "dependencies": {
        "@embedpdf/models": "2.2.0"
      },
      "peerDependencies": {
        "@embedpdf/core": "2.2.0",
        "preact": "^10.26.4",
        "react": ">=18.0.0",
        "react-dom": ">=18.0.0",
        "svelte": ">=5 <6",
        "vue": ">=3.2.0"
      }
    },
    "node_modules/@embedpdf/plugin-redaction": {
      "version": "2.2.0",
      "resolved": "https://registry.npmjs.org/@embedpdf/plugin-redaction/-/plugin-redaction-2.2.0.tgz",
      "integrity": "sha512-sHF3d2gvJZm0Toc2PuUxHVNFtcNIjcfIE83PDB0C6+9bpKOm/agFMdpVVO1si0F/Naqj4/1nN9G/Sv6rYfJBWQ==",
      "dependencies": {
        "@embedpdf/models": "2.2.0",
        "@embedpdf/utils": "2.2.0"
      },
      "peerDependencies": {
        "@embedpdf/core": "2.2.0",
        "@embedpdf/plugin-interaction-manager": "2.2.0",
        "@embedpdf/plugin-selection": "2.2.0",
        "preact": "^10.26.4",
        "react": ">=16.8.0",
        "react-dom": ">=16.8.0",
        "svelte": ">=5 <6",
        "vue": ">=3.2.0"
      }
    },
    "node_modules/@embedpdf/plugin-render": {
      "version": "2.2.0",
      "resolved": "https://registry.npmjs.org/@embedpdf/plugin-render/-/plugin-render-2.2.0.tgz",
      "integrity": "sha512-82Uze32w1ABDSbDWEzsF6hDpCwmSXgEll9SqD1kVh5LHJYuRpwiKpEmysh0fjzY9Ij162O+3cqGQswP7Lfsv6Q==",
      "dependencies": {
        "@embedpdf/models": "2.2.0"
      },
      "peerDependencies": {
        "@embedpdf/core": "2.2.0",
        "preact": "^10.26.4",
        "react": ">=16.8.0",
        "react-dom": ">=16.8.0",
        "svelte": ">=5 <6",
        "vue": ">=3.2.0"
      }
    },
    "node_modules/@embedpdf/plugin-rotate": {
      "version": "2.2.0",
      "resolved": "https://registry.npmjs.org/@embedpdf/plugin-rotate/-/plugin-rotate-2.2.0.tgz",
      "integrity": "sha512-D4OFAw1baBALh3HmZpjfNYs8XpgvWmEZT5mVOqTM1yZjsFCkZYhNe50dVQaiYoE4KrTHCrOnpRUWE/A/X7hW5A==",
      "dependencies": {
        "@embedpdf/models": "2.2.0"
      },
      "peerDependencies": {
        "@embedpdf/core": "2.2.0",
        "preact": "^10.26.4",
        "react": ">=16.8.0",
        "react-dom": ">=16.8.0",
        "svelte": ">=5 <6",
        "vue": ">=3.2.0"
      }
    },
    "node_modules/@embedpdf/plugin-scroll": {
      "version": "2.2.0",
      "resolved": "https://registry.npmjs.org/@embedpdf/plugin-scroll/-/plugin-scroll-2.2.0.tgz",
      "integrity": "sha512-YwismK8ZHkBqU7tP1IbWfKUJrOufI7Aft4veBAAzPgah4DA94Bjr8SIp3RV8epevFxiqVp2dm2rGhWvriKwHcQ==",
      "dependencies": {
        "@embedpdf/models": "2.2.0"
      },
      "peerDependencies": {
        "@embedpdf/core": "2.2.0",
        "@embedpdf/plugin-viewport": "2.2.0",
        "preact": "^10.26.4",
        "react": ">=16.8.0",
        "react-dom": ">=16.8.0",
        "svelte": ">=5 <6",
        "vue": ">=3.2.0"
      }
    },
    "node_modules/@embedpdf/plugin-search": {
      "version": "2.2.0",
      "resolved": "https://registry.npmjs.org/@embedpdf/plugin-search/-/plugin-search-2.2.0.tgz",
      "integrity": "sha512-IqSbePXspd1cd/EyPSWVrHVkoDZPL625k8D2eAiyDlx8Raa6YevEHxpQeAF9Y1YqmgTIbWFV7XhYBYm/ds2qUA==",
      "dependencies": {
        "@embedpdf/models": "2.2.0"
      },
      "peerDependencies": {
        "@embedpdf/core": "2.2.0",
        "preact": "^10.26.4",
        "react": ">=16.8.0",
        "react-dom": ">=16.8.0",
        "svelte": ">=5 <6",
        "vue": ">=3.2.0"
      }
    },
    "node_modules/@embedpdf/plugin-selection": {
      "version": "2.2.0",
      "resolved": "https://registry.npmjs.org/@embedpdf/plugin-selection/-/plugin-selection-2.2.0.tgz",
      "integrity": "sha512-WD/G/svwUkylb0tJl8sAi3AKWFsn45kH2UnrkEljhl7KDfOHYJhUgICDJIYJiinyxv/PaM/NbukPec5Kq4doEA==",
      "dependencies": {
        "@embedpdf/models": "2.2.0",
        "@embedpdf/utils": "2.2.0"
      },
      "peerDependencies": {
        "@embedpdf/core": "2.2.0",
        "@embedpdf/plugin-interaction-manager": "2.2.0",
        "preact": "^10.26.4",
        "react": ">=16.8.0",
        "react-dom": ">=16.8.0",
        "svelte": ">=5 <6",
        "vue": ">=3.2.0"
      }
    },
    "node_modules/@embedpdf/plugin-spread": {
      "version": "2.2.0",
      "resolved": "https://registry.npmjs.org/@embedpdf/plugin-spread/-/plugin-spread-2.2.0.tgz",
      "integrity": "sha512-YFMH2LgHHfuETGkpEoO9u1AUVgu6Buv/jWV8S1l4cSYVyWmPPJZ2oJGat8Q1/5wxN40Q542ePt9A/afSVWPfOw==",
      "dependencies": {
        "@embedpdf/models": "2.2.0"
      },
      "peerDependencies": {
        "@embedpdf/core": "2.2.0",
        "preact": "^10.26.4",
        "react": ">=16.8.0",
        "react-dom": ">=16.8.0",
        "svelte": ">=5 <6",
        "vue": ">=3.2.0"
      }
    },
    "node_modules/@embedpdf/plugin-thumbnail": {
      "version": "2.2.0",
      "resolved": "https://registry.npmjs.org/@embedpdf/plugin-thumbnail/-/plugin-thumbnail-2.2.0.tgz",
      "integrity": "sha512-oyvl+85hwCfiaayFFY4ANfADwe4RW3Mcn4DLknlmh862AhSZKooJYWK1Yhrp1irrCa7Cxa2nHp8pfzRallKcag==",
      "dependencies": {
        "@embedpdf/models": "2.2.0"
      },
      "peerDependencies": {
        "@embedpdf/core": "2.2.0",
        "@embedpdf/plugin-render": "2.2.0",
        "preact": "^10.26.4",
        "react": ">=16.8.0",
        "react-dom": ">=16.8.0",
        "svelte": ">=5 <6",
        "vue": ">=3.2.0"
      }
    },
    "node_modules/@embedpdf/plugin-tiling": {
      "version": "2.2.0",
      "resolved": "https://registry.npmjs.org/@embedpdf/plugin-tiling/-/plugin-tiling-2.2.0.tgz",
      "integrity": "sha512-elwMtuPJhjZF6TJi8r/Qrwg/tJdzCkz08lMMWUaSH1n0/xzCtFoP46peHuqcExaN4Y30vjuXDfWWrDfUKL3oAg==",
      "dependencies": {
        "@embedpdf/models": "2.2.0"
      },
      "peerDependencies": {
        "@embedpdf/core": "2.2.0",
        "@embedpdf/plugin-render": "2.2.0",
        "@embedpdf/plugin-scroll": "2.2.0",
        "@embedpdf/plugin-viewport": "2.2.0",
        "preact": "^10.26.4",
        "react": ">=16.8.0",
        "react-dom": ">=16.8.0",
        "svelte": ">=5 <6",
        "vue": ">=3.2.0"
      }
    },
    "node_modules/@embedpdf/plugin-ui": {
      "version": "2.2.0",
      "resolved": "https://registry.npmjs.org/@embedpdf/plugin-ui/-/plugin-ui-2.2.0.tgz",
      "integrity": "sha512-Y4OUufl1vPRhQTZIGo9u0JUoeFUv2SsJ+OQQnwKj/gAssWfbY2iAn5REkpiJcppIoKRoE7nFXamJiQ/hEUSXHA==",
      "dependencies": {
        "@embedpdf/models": "2.2.0"
      },
      "peerDependencies": {
        "@embedpdf/core": "2.2.0",
        "@embedpdf/plugin-render": "2.2.0",
        "@embedpdf/plugin-scroll": "2.2.0",
        "@embedpdf/plugin-viewport": "2.2.0",
        "preact": "^10.26.4",
        "react": ">=16.8.0",
        "react-dom": ">=16.8.0",
        "svelte": ">=5 <6",
        "vue": ">=3.2.0"
      }
    },
    "node_modules/@embedpdf/plugin-viewport": {
      "version": "2.2.0",
      "resolved": "https://registry.npmjs.org/@embedpdf/plugin-viewport/-/plugin-viewport-2.2.0.tgz",
      "integrity": "sha512-WMEmAdSeBAvs9LSCtK0bkgCPLSeDkH+UHvFtcM79cqnjPGe2PeD5/aQfge+U3/lPu2K4+EkG/jJN67NGB6opnQ==",
      "dependencies": {
        "@embedpdf/models": "2.2.0"
      },
      "peerDependencies": {
        "@embedpdf/core": "2.2.0",
        "preact": "^10.26.4",
        "react": ">=16.8.0",
        "react-dom": ">=16.8.0",
        "svelte": ">=5 <6",
        "vue": ">=3.2.0"
      }
    },
    "node_modules/@embedpdf/plugin-zoom": {
      "version": "2.2.0",
      "resolved": "https://registry.npmjs.org/@embedpdf/plugin-zoom/-/plugin-zoom-2.2.0.tgz",
      "integrity": "sha512-1ryhWoc43NmtJgHkVRKhuSOcLXhWnLrJFEYaZKVjSlb3eeLXaUn96LjgEcfHKeEobHfNdSXcUyJsW5NyreUR9Q==",
      "dependencies": {
        "@embedpdf/models": "2.2.0"
      },
      "peerDependencies": {
        "@embedpdf/core": "2.2.0",
        "@embedpdf/plugin-scroll": "2.2.0",
        "@embedpdf/plugin-viewport": "2.2.0",
        "preact": "^10.26.4",
        "react": ">=16.8.0",
        "react-dom": ">=16.8.0",
        "svelte": ">=5 <6",
        "vue": ">=3.2.0"
      }
    },
    "node_modules/@embedpdf/snippet": {
      "version": "2.2.0",
      "resolved": "https://registry.npmjs.org/@embedpdf/snippet/-/snippet-2.2.0.tgz",
      "integrity": "sha512-QPRJxAXnWk/DoLkgqrI2M9px3JuMdws7cCAm+tUXGRyZ73V6YdyB+ZXktQvpzmx+6Fa2AwRcQMIZxEuSsVQCig==",
      "dependencies": {
        "@embedpdf/core": "2.2.0",
        "@embedpdf/engines": "2.2.0",
        "@embedpdf/models": "2.2.0",
        "@embedpdf/pdfium": "2.2.0",
        "@embedpdf/plugin-annotation": "2.2.0",
        "@embedpdf/plugin-attachment": "2.2.0",
        "@embedpdf/plugin-bookmark": "2.2.0",
        "@embedpdf/plugin-capture": "2.2.0",
        "@embedpdf/plugin-commands": "2.2.0",
        "@embedpdf/plugin-document-manager": "2.2.0",
        "@embedpdf/plugin-export": "2.2.0",
        "@embedpdf/plugin-fullscreen": "2.2.0",
        "@embedpdf/plugin-history": "2.2.0",
        "@embedpdf/plugin-i18n": "2.2.0",
        "@embedpdf/plugin-interaction-manager": "2.2.0",
        "@embedpdf/plugin-pan": "2.2.0",
        "@embedpdf/plugin-print": "2.2.0",
        "@embedpdf/plugin-redaction": "2.2.0",
        "@embedpdf/plugin-render": "2.2.0",
        "@embedpdf/plugin-rotate": "2.2.0",
        "@embedpdf/plugin-scroll": "2.2.0",
        "@embedpdf/plugin-search": "2.2.0",
        "@embedpdf/plugin-selection": "2.2.0",
        "@embedpdf/plugin-spread": "2.2.0",
        "@embedpdf/plugin-thumbnail": "2.2.0",
        "@embedpdf/plugin-tiling": "2.2.0",
        "@embedpdf/plugin-ui": "2.2.0",
        "@embedpdf/plugin-viewport": "2.2.0",
        "@embedpdf/plugin-zoom": "2.2.0",
        "preact": "^10.17.0",
        "tailwind-merge": "^3.4.0"
      }
    },
    "node_modules/@embedpdf/utils": {
      "version": "2.2.0",
      "resolved": "https://registry.npmjs.org/@embedpdf/utils/-/utils-2.2.0.tgz",
      "integrity": "sha512-OED79P7VzWEK4tfAG45tLCbWvgqW9J2UunBRyMJ6cWhUakvo8BTD0LOZUOU/7xlrog/+/N1foTRLCjjkpAn1yg==",
      "peerDependencies": {
        "preact": "^10.26.4",
        "react": ">=16.8.0",
        "react-dom": ">=16.8.0",
        "svelte": ">=5 <6",
        "vue": ">=3.2.0"
      }
    },
    "node_modules/@jridgewell/gen-mapping": {
      "version": "0.3.13",
      "resolved": "https://registry.npmjs.org/@jridgewell/gen-mapping/-/gen-mapping-0.3.13.tgz",
      "integrity": "sha512-2kkt/7niJ6MgEPxF0bYdQ6etZaA+fQvDcLKckhy1yIQOzaoKjBBjSj63/aLVjYE3qhRt5dvM+uUyfCg6UKCBbA==",
      "peer": true,
      "dependencies": {
        "@jridgewell/sourcemap-codec": "^1.5.0",
        "@jridgewell/trace-mapping": "^0.3.24"
      }
    },
    "node_modules/@jridgewell/remapping": {
      "version": "2.3.5",
      "resolved": "https://registry.npmjs.org/@jridgewell/remapping/-/remapping-2.3.5.tgz",
      "integrity": "sha512-LI9u/+laYG4Ds1TDKSJW2YPrIlcVYOwi2fUC6xB43lueCjgxV4lffOCZCtYFiH6TNOX+tQKXx97T4IKHbhyHEQ==",
      "peer": true,
      "dependencies": {
        "@jridgewell/gen-mapping": "^0.3.5",
        "@jridgewell/trace-mapping": "^0.3.24"
      }
    },
    "node_modules/@jridgewell/resolve-uri": {
      "version": "3.1.2",
      "resolved": "https://registry.npmjs.org/@jridgewell/resolve-uri/-/resolve-uri-3.1.2.tgz",
      "integrity": "sha512-bRISgCIjP20/tbWSPWMEi54QVPRZExkuD9lJL+UIxUKtwVJA8wW1Trb1jMs1RFXo1CBTNZ/5hpC9QvmKWdopKw==",
      "peer": true,
      "engines": {
        "node": ">=6.0.0"
      }
    },
    "node_modules/@jridgewell/sourcemap-codec": {
      "version": "1.5.5",
      "resolved": "https://registry.npmjs.org/@jridgewell/sourcemap-codec/-/sourcemap-codec-1.5.5.tgz",
      "integrity": "sha512-cYQ9310grqxueWbl+WuIUIaiUaDcj7WOq5fVhEljNVgRfOUhY9fy2zTvfoqWsnebh8Sl70VScFbICvJnLKB0Og==",
      "peer": true
    },
    "node_modules/@jridgewell/trace-mapping": {
      "version": "0.3.31",
      "resolved": "https://registry.npmjs.org/@jridgewell/trace-mapping/-/trace-mapping-0.3.31.tgz",
      "integrity": "sha512-zzNR+SdQSDJzc8joaeP8QQoCQr8NuYx2dIIytl1QeBEZHJ9uW6hebsrYgbz8hJwUQao3TWCMtmfV8Nu1twOLAw==",
      "peer": true,
      "dependencies": {
        "@jridgewell/resolve-uri": "^3.1.0",
        "@jridgewell/sourcemap-codec": "^1.4.14"
      }
    },
    "node_modules/@sveltejs/acorn-typescript": {
      "version": "1.0.8",
      "resolved": "https://registry.npmjs.org/@sveltejs/acorn-typescript/-/acorn-typescript-1.0.8.tgz",
      "integrity": "sha512-esgN+54+q0NjB0Y/4BomT9samII7jGwNy/2a3wNZbT2A2RpmXsXwUt24LvLhx6jUq2gVk4cWEvcRO6MFQbOfNA==",
      "peer": true,
      "peerDependencies": {
        "acorn": "^8.9.0"
      }
    },
    "node_modules/@types/estree": {
      "version": "1.0.8",
      "resolved": "https://registry.npmjs.org/@types/estree/-/estree-1.0.8.tgz",
      "integrity": "sha512-dWHzHa2WqEXI/O1E9OjrocMTKJl2mSrEolh1Iomrv6U+JuNwaHXsXx9bLu5gG7BUWFIN0skIQJQ/L1rIex4X6w==",
      "peer": true
    },
    "node_modules/@vue/compiler-core": {
      "version": "3.5.27",
      "resolved": "https://registry.npmjs.org/@vue/compiler-core/-/compiler-core-3.5.27.tgz",
      "integrity": "sha512-gnSBQjZA+//qDZen+6a2EdHqJ68Z7uybrMf3SPjEGgG4dicklwDVmMC1AeIHxtLVPT7sn6sH1KOO+tS6gwOUeQ==",
      "peer": true,
      "dependencies": {
        "@babel/parser": "^7.28.5",
        "@vue/shared": "3.5.27",
        "entities": "^7.0.0",
        "estree-walker": "^2.0.2",
        "source-map-js": "^1.2.1"
      }
    },
    "node_modules/@vue/compiler-dom": {
      "version": "3.5.27",
      "resolved": "https://registry.npmjs.org/@vue/compiler-dom/-/compiler-dom-3.5.27.tgz",
      "integrity": "sha512-oAFea8dZgCtVVVTEC7fv3T5CbZW9BxpFzGGxC79xakTr6ooeEqmRuvQydIiDAkglZEAd09LgVf1RoDnL54fu5w==",
      "peer": true,
      "dependencies": {
        "@vue/compiler-core": "3.5.27",
        "@vue/shared": "3.5.27"
      }
    },
    "node_modules/@vue/compiler-sfc": {
      "version": "3.5.27",
      "resolved": "https://registry.npmjs.org/@vue/compiler-sfc/-/compiler-sfc-3.5.27.tgz",
      "integrity": "sha512-sHZu9QyDPeDmN/MRoshhggVOWE5WlGFStKFwu8G52swATgSny27hJRWteKDSUUzUH+wp+bmeNbhJnEAel/auUQ==",
      "peer": true,
      "dependencies": {
        "@babel/parser": "^7.28.5",
        "@vue/compiler-core": "3.5.27",
        "@vue/compiler-dom": "3.5.27",
        "@vue/compiler-ssr": "3.5.27",
        "@vue/shared": "3.5.27",
        "estree-walker": "^2.0.2",
        "magic-string": "^0.30.21",
        "postcss": "^8.5.6",
        "source-map-js": "^1.2.1"
      }
    },
    "node_modules/@vue/compiler-ssr": {
      "version": "3.5.27",
      "resolved": "https://registry.npmjs.org/@vue/compiler-ssr/-/compiler-ssr-3.5.27.tgz",
      "integrity": "sha512-Sj7h+JHt512fV1cTxKlYhg7qxBvack+BGncSpH+8vnN+KN95iPIcqB5rsbblX40XorP+ilO7VIKlkuu3Xq2vjw==",
      "peer": true,
      "dependencies": {
        "@vue/compiler-dom": "3.5.27",
        "@vue/shared": "3.5.27"
      }
    },
    "node_modules/@vue/reactivity": {
      "version": "3.5.27",
      "resolved": "https://registry.npmjs.org/@vue/reactivity/-/reactivity-3.5.27.tgz",
      "integrity": "sha512-vvorxn2KXfJ0nBEnj4GYshSgsyMNFnIQah/wczXlsNXt+ijhugmW+PpJ2cNPe4V6jpnBcs0MhCODKllWG+nvoQ==",
      "peer": true,
      "dependencies": {
        "@vue/shared": "3.5.27"
      }
    },
    "node_modules/@vue/runtime-core": {
      "version": "3.5.27",
      "resolved": "https://registry.npmjs.org/@vue/runtime-core/-/runtime-core-3.5.27.tgz",
      "integrity": "sha512-fxVuX/fzgzeMPn/CLQecWeDIFNt3gQVhxM0rW02Tvp/YmZfXQgcTXlakq7IMutuZ/+Ogbn+K0oct9J3JZfyk3A==",
      "peer": true,
      "dependencies": {
        "@vue/reactivity": "3.5.27",
        "@vue/shared": "3.5.27"
      }
    },
    "node_modules/@vue/runtime-dom": {
      "version": "3.5.27",
      "resolved": "https://registry.npmjs.org/@vue/runtime-dom/-/runtime-dom-3.5.27.tgz",
      "integrity": "sha512-/QnLslQgYqSJ5aUmb5F0z0caZPGHRB8LEAQ1s81vHFM5CBfnun63rxhvE/scVb/j3TbBuoZwkJyiLCkBluMpeg==",
      "peer": true,
      "dependencies": {
        "@vue/reactivity": "3.5.27",
        "@vue/runtime-core": "3.5.27",
        "@vue/shared": "3.5.27",
        "csstype": "^3.2.3"
      }
    },
    "node_modules/@vue/server-renderer": {
      "version": "3.5.27",
      "resolved": "https://registry.npmjs.org/@vue/server-renderer/-/server-renderer-3.5.27.tgz",
      "integrity": "sha512-qOz/5thjeP1vAFc4+BY3Nr6wxyLhpeQgAE/8dDtKo6a6xdk+L4W46HDZgNmLOBUDEkFXV3G7pRiUqxjX0/2zWA==",
      "peer": true,
      "dependencies": {
        "@vue/compiler-ssr": "3.5.27",
        "@vue/shared": "3.5.27"
      },
      "peerDependencies": {
        "vue": "3.5.27"
      }
    },
    "node_modules/@vue/shared": {
      "version": "3.5.27",
      "resolved": "https://registry.npmjs.org/@vue/shared/-/shared-3.5.27.tgz",
      "integrity": "sha512-dXr/3CgqXsJkZ0n9F3I4elY8wM9jMJpP3pvRG52r6m0tu/MsAFIe6JpXVGeNMd/D9F4hQynWT8Rfuj0bdm9kFQ==",
      "peer": true
    },
    "node_modules/acorn": {
      "version": "8.15.0",
      "resolved": "https://registry.npmjs.org/acorn/-/acorn-8.15.0.tgz",
      "integrity": "sha512-NZyJarBfL7nWwIq+FDL6Zp/yHEhePMNnnJ0y3qfieCrmNvYct8uvtiV41UvlSe6apAfk0fY1FbWx+NwfmpvtTg==",
      "peer": true,
      "bin": {
        "acorn": "bin/acorn"
      },
      "engines": {
        "node": ">=0.4.0"
      }
    },
    "node_modules/aria-query": {
      "version": "5.3.2",
      "resolved": "https://registry.npmjs.org/aria-query/-/aria-query-5.3.2.tgz",
      "integrity": "sha512-COROpnaoap1E2F000S62r6A60uHZnmlvomhfyT2DlTcrY1OrBKn2UhH7qn5wTC9zMvD0AY7csdPSNwKP+7WiQw==",
      "peer": true,
      "engines": {
        "node": ">= 0.4"
      }
    },
    "node_modules/axobject-query": {
      "version": "4.1.0",
      "resolved": "https://registry.npmjs.org/axobject-query/-/axobject-query-4.1.0.tgz",
      "integrity": "sha512-qIj0G9wZbMGNLjLmg1PT6v2mE9AH2zlnADJD/2tC6E00hgmhUOfEB6greHPAfLRSufHqROIUTkw6E+M3lH0PTQ==",
      "peer": true,
      "engines": {
        "node": ">= 0.4"
      }
    },
    "node_modules/clsx": {
      "version": "2.1.1",
      "resolved": "https://registry.npmjs.org/clsx/-/clsx-2.1.1.tgz",
      "integrity": "sha512-eYm0QWBtUrBWZWG0d386OGAw16Z995PiOVo2B7bjWSbHedGl5e0ZWaq65kOGgUSNesEIDkB9ISbTg/JK9dhCZA==",
      "peer": true,
      "engines": {
        "node": ">=6"
      }
    },
    "node_modules/csstype": {
      "version": "3.2.3",
      "resolved": "https://registry.npmjs.org/csstype/-/csstype-3.2.3.tgz",
      "integrity": "sha512-z1HGKcYy2xA8AGQfwrn0PAy+PB7X/GSj3UVJW9qKyn43xWa+gl5nXmU4qqLMRzWVLFC8KusUX8T/0kCiOYpAIQ==",
      "peer": true
    },
    "node_modules/devalue": {
      "version": "5.6.2",
      "resolved": "https://registry.npmjs.org/devalue/-/devalue-5.6.2.tgz",
      "integrity": "sha512-nPRkjWzzDQlsejL1WVifk5rvcFi/y1onBRxjaFMjZeR9mFpqu2gmAZ9xUB9/IEanEP/vBtGeGganC/GO1fmufg==",
      "peer": true
    },
    "node_modules/entities": {
      "version": "7.0.0",
      "resolved": "https://registry.npmjs.org/entities/-/entities-7.0.0.tgz",
      "integrity": "sha512-FDWG5cmEYf2Z00IkYRhbFrwIwvdFKH07uV8dvNy0omp/Qb1xcyCWp2UDtcwJF4QZZvk0sLudP6/hAu42TaqVhQ==",
      "peer": true,
      "engines": {
        "node": ">=0.12"
      },
      "funding": {
        "url": "https://github.com/fb55/entities?sponsor=1"
      }
    },
    "node_modules/esm-env": {
      "version": "1.2.2",
      "resolved": "https://registry.npmjs.org/esm-env/-/esm-env-1.2.2.tgz",
      "integrity": "sha512-Epxrv+Nr/CaL4ZcFGPJIYLWFom+YeV1DqMLHJoEd9SYRxNbaFruBwfEX/kkHUJf55j2+TUbmDcmuilbP1TmXHA==",
      "peer": true
    },
    "node_modules/esrap": {
      "version": "2.2.2",
      "resolved": "https://registry.npmjs.org/esrap/-/esrap-2.2.2.tgz",
      "integrity": "sha512-zA6497ha+qKvoWIK+WM9NAh5ni17sKZKhbS5B3PoYbBvaYHZWoS33zmFybmyqpn07RLUxSmn+RCls2/XF+d0oQ==",
      "peer": true,
      "dependencies": {
        "@jridgewell/sourcemap-codec": "^1.4.15"
      }
    },
    "node_modules/estree-walker": {
      "version": "2.0.2",
      "resolved": "https://registry.npmjs.org/estree-walker/-/estree-walker-2.0.2.tgz",
      "integrity": "sha512-Rfkk/Mp/DL7JVje3u18FxFujQlTNR2q6QfMSMB7AvCBx91NGj/ba3kCfza0f6dVDbw7YlRf/nDrn7pQrCCyQ/w==",
      "peer": true
    },
    "node_modules/is-reference": {
      "version": "3.0.3",
      "resolved": "https://registry.npmjs.org/is-reference/-/is-reference-3.0.3.tgz",
      "integrity": "sha512-ixkJoqQvAP88E6wLydLGGqCJsrFUnqoH6HnaczB8XmDH1oaWU+xxdptvikTgaEhtZ53Ky6YXiBuUI2WXLMCwjw==",
      "peer": true,
      "dependencies": {
        "@types/estree": "^1.0.6"
      }
    },
    "node_modules/locate-character": {
      "version": "3.0.0",
      "resolved": "https://registry.npmjs.org/locate-character/-/locate-character-3.0.0.tgz",
      "integrity": "sha512-SW13ws7BjaeJ6p7Q6CO2nchbYEc3X3J6WrmTTDto7yMPqVSZTUyY5Tjbid+Ab8gLnATtygYtiDIJGQRRn2ZOiA==",
      "peer": true
    },
    "node_modules/magic-string": {
      "version": "0.30.21",
      "resolved": "https://registry.npmjs.org/magic-string/-/magic-string-0.30.21.tgz",
      "integrity": "sha512-vd2F4YUyEXKGcLHoq+TEyCjxueSeHnFxyyjNp80yg0XV4vUhnDer/lvvlqM/arB5bXQN5K2/3oinyCRyx8T2CQ==",
      "peer": true,
      "dependencies": {
        "@jridgewell/sourcemap-codec": "^1.5.5"
      }
    },
    "node_modules/nanoid": {
      "version": "3.3.11",
      "resolved": "https://registry.npmjs.org/nanoid/-/nanoid-3.3.11.tgz",
      "integrity": "sha512-N8SpfPUnUp1bK+PMYW8qSWdl9U+wwNWI4QKxOYDy9JAro3WMX7p2OeVRF9v+347pnakNevPmiHhNmZ2HbFA76w==",
      "funding": [
        {
          "type": "github",
          "url": "https://github.com/sponsors/ai"
        }
      ],
      "peer": true,
      "bin": {
        "nanoid": "bin/nanoid.cjs"
      },
      "engines": {
        "node": "^10 || ^12 || ^13.7 || ^14 || >=15.0.1"
      }
    },
    "node_modules/picocolors": {
      "version": "1.1.1",
      "resolved": "https://registry.npmjs.org/picocolors/-/picocolors-1.1.1.tgz",
      "integrity": "sha512-xceH2snhtb5M9liqDsmEw56le376mTZkEX/jEb/RxNFyegNul7eNslCXP9FDj/Lcu0X8KEyMceP2ntpaHrDEVA==",
      "peer": true
    },
    "node_modules/postcss": {
      "version": "8.5.6",
      "resolved": "https://registry.npmjs.org/postcss/-/postcss-8.5.6.tgz",
      "integrity": "sha512-3Ybi1tAuwAP9s0r1UQ2J4n5Y0G05bJkpUIO0/bI9MhwmD70S5aTWbXGBwxHrelT+XM1k6dM0pk+SwNkpTRN7Pg==",
      "funding": [
        {
          "type": "opencollective",
          "url": "https://opencollective.com/postcss/"
        },
        {
          "type": "tidelift",
          "url": "https://tidelift.com/funding/github/npm/postcss"
        },
        {
          "type": "github",
          "url": "https://github.com/sponsors/ai"
        }
      ],
      "peer": true,
      "dependencies": {
        "nanoid": "^3.3.11",
        "picocolors": "^1.1.1",
        "source-map-js": "^1.2.1"
      },
      "engines": {
        "node": "^10 || ^12 || >=14"
      }
    },
    "node_modules/preact": {
      "version": "10.28.2",
      "resolved": "https://registry.npmjs.org/preact/-/preact-10.28.2.tgz",
      "integrity": "sha512-lbteaWGzGHdlIuiJ0l2Jq454m6kcpI1zNje6d8MlGAFlYvP2GO4ibnat7P74Esfz4sPTdM6UxtTwh/d3pwM9JA==",
      "funding": {
        "type": "opencollective",
        "url": "https://opencollective.com/preact"
      }
    },
    "node_modules/react": {
      "version": "19.2.3",
      "resolved": "https://registry.npmjs.org/react/-/react-19.2.3.tgz",
      "integrity": "sha512-Ku/hhYbVjOQnXDZFv2+RibmLFGwFdeeKHFcOTlrt7xplBnya5OGn/hIRDsqDiSUcfORsDC7MPxwork8jBwsIWA==",
      "peer": true,
      "engines": {
        "node": ">=0.10.0"
      }
    },
    "node_modules/react-dom": {
      "version": "19.2.3",
      "resolved": "https://registry.npmjs.org/react-dom/-/react-dom-19.2.3.tgz",
      "integrity": "sha512-yELu4WmLPw5Mr/lmeEpox5rw3RETacE++JgHqQzd2dg+YbJuat3jH4ingc+WPZhxaoFzdv9y33G+F7Nl5O0GBg==",
      "peer": true,
      "dependencies": {
        "scheduler": "^0.27.0"
      },
      "peerDependencies": {
        "react": "^19.2.3"
      }
    },
    "node_modules/scheduler": {
      "version": "0.27.0",
      "resolved": "https://registry.npmjs.org/scheduler/-/scheduler-0.27.0.tgz",
      "integrity": "sha512-eNv+WrVbKu1f3vbYJT/xtiF5syA5HPIMtf9IgY/nKg0sWqzAUEvqY/xm7OcZc/qafLx/iO9FgOmeSAp4v5ti/Q==",
      "peer": true
    },
    "node_modules/source-map-js": {
      "version": "1.2.1",
      "resolved": "https://registry.npmjs.org/source-map-js/-/source-map-js-1.2.1.tgz",
      "integrity": "sha512-UXWMKhLOwVKb728IUtQPXxfYU+usdybtUrK/8uGE8CQMvrhOpwvzDBwj0QhSL7MQc7vIsISBG8VQ8+IDQxpfQA==",
      "peer": true,
      "engines": {
        "node": ">=0.10.0"
      }
    },
    "node_modules/svelte": {
      "version": "5.47.1",
      "resolved": "https://registry.npmjs.org/svelte/-/svelte-5.47.1.tgz",
      "integrity": "sha512-MhSWfWEpG5T57z0Oyfk9D1GhAz/KTZKZZlWtGEsy9zNk2fafpuU7sJQlXNSA8HtvwKxVC9XlDyl5YovXUXjjHA==",
      "peer": true,
      "dependencies": {
        "@jridgewell/remapping": "^2.3.4",
        "@jridgewell/sourcemap-codec": "^1.5.0",
        "@sveltejs/acorn-typescript": "^1.0.5",
        "@types/estree": "^1.0.5",
        "acorn": "^8.12.1",
        "aria-query": "^5.3.1",
        "axobject-query": "^4.1.0",
        "clsx": "^2.1.1",
        "devalue": "^5.6.2",
        "esm-env": "^1.2.1",
        "esrap": "^2.2.1",
        "is-reference": "^3.0.3",
        "locate-character": "^3.0.0",
        "magic-string": "^0.30.11",
        "zimmerframe": "^1.1.2"
      },
      "engines": {
        "node": ">=18"
      }
    },
    "node_modules/tailwind-merge": {
      "version": "3.4.0",
      "resolved": "https://registry.npmjs.org/tailwind-merge/-/tailwind-merge-3.4.0.tgz",
      "integrity": "sha512-uSaO4gnW+b3Y2aWoWfFpX62vn2sR3skfhbjsEnaBI81WD1wBLlHZe5sWf0AqjksNdYTbGBEd0UasQMT3SNV15g==",
      "funding": {
        "type": "github",
        "url": "https://github.com/sponsors/dcastil"
      }
    },
    "node_modules/vue": {
      "version": "3.5.27",
      "resolved": "https://registry.npmjs.org/vue/-/vue-3.5.27.tgz",
      "integrity": "sha512-aJ/UtoEyFySPBGarREmN4z6qNKpbEguYHMmXSiOGk69czc+zhs0NF6tEFrY8TZKAl8N/LYAkd4JHVd5E/AsSmw==",
      "peer": true,
      "dependencies": {
        "@vue/compiler-dom": "3.5.27",
        "@vue/compiler-sfc": "3.5.27",
        "@vue/runtime-dom": "3.5.27",
        "@vue/server-renderer": "3.5.27",
        "@vue/shared": "3.5.27"
      },
      "peerDependencies": {
        "typescript": "*"
      },
      "peerDependenciesMeta": {
        "typescript": {
          "optional": true
        }
      }
    },
    "node_modules/zimmerframe": {
      "version": "1.1.4",
      "resolved": "https://registry.npmjs.org/zimmerframe/-/zimmerframe-1.1.4.tgz",
      "integrity": "sha512-B58NGBEoc8Y9MWWCQGl/gq9xBCe4IiKM0a2x7GZdQKOW5Exr8S1W24J6OgM1njK8xCRGvAJIL/MxXHf6SkmQKQ==",
      "peer": true
    }
  }
}
